
Microsoft Visual Studio Solution File, Format Version 12.00
# Visual Studio Version 16
VisualStudioVersion = 16.0.30907.101
MinimumVisualStudioVersion = 10.0.40219.1
Project("{FAE04EC0-301F-11D3-BF4B-00C04F79EFBC}") = "AssetTracking.Domain", "AssetTracking.Domain\AssetTracking.Domain.csproj", "{4ED772F2-5B44-4C55-8203-F3043EF1B8B6}"
EndProject
Project("{FAE04EC0-301F-11D3-BF4B-00C04F79EFBC}") = "AssetTracking.Data", "AssetTracking.Data\AssetTracking.Data.csproj", "{3B904D33-183B-4C4B-B7EB-4FD6641CE99A}"
EndProject
Project("{FAE04EC0-301F-11D3-BF4B-00C04F79EFBC}") = "AsssetTracking.ConsoleApp", "AsssetTracking.ConsoleApp\AsssetTracking.ConsoleApp.csproj", "{357C390F-A67C-43B1-B658-6CC3693B2059}"
EndProject
Global
	GlobalSection(SolutionConfigurationPlatforms) = preSolution
		Debug|Any CPU = Debug|Any CPU
		Release|Any CPU = Release|Any CPU
	EndGlobalSection
	GlobalSection(ProjectConfigurationPlatforms) = postSolution
		{4ED772F2-5B44-4C55-8203-F3043EF1B8B6}.Debug|Any CPU.ActiveCfg = Debug|Any CPU
		{4ED772F2-5B44-4C55-8203-F3043EF1B8B6}.Debug|Any CPU.Build.0 = Debug|Any CPU
		{4ED772F2-5B44-4C55-8203-F3043EF1B8B6}.Release|Any CPU.ActiveCfg = Release|Any CPU
		{4ED772F2-5B44-4C55-8203-F3043EF1B8B6}.Release|Any CPU.Build.0 = Release|Any CPU
		{3B904D33-183B-4C4B-B7EB-4FD6641CE99A}.Debug|Any CPU.ActiveCfg = Debug|Any CPU
		{3B904D33-183B-4C4B-B7EB-4FD6641CE99A}.Debug|Any CPU.Build.0 = Debug|Any CPU
		{3B904D33-183B-4C4B-B7EB-4FD6641CE99A}.Release|Any CPU.ActiveCfg = Release|Any CPU
		{3B904D33-183B-4C4B-B7EB-4FD6641CE99A}.Release|Any CPU.Build.0 = Release|Any CPU
		{357C390F-A67C-43B1-B658-6CC3693B2059}.Debug|Any CPU.ActiveCfg = Debug|Any CPU
		{357C390F-A67C-43B1-B658-6CC3693B2059}.Debug|Any CPU.Build.0 = Debug|Any CPU
		{357C390F-A67C-43B1-B658-6CC3693B2059}.Release|Any CPU.ActiveCfg = Release|Any CPU
		{357C390F-A67C-43B1-B658-6CC3693B2059}.Release|Any CPU.Build.0 = Release|Any CPU
	EndGlobalSection
	GlobalSection(SolutionProperties) = preSolution
		HideSolutionNode = FALSE
	EndGlobalSection
	GlobalSection(ExtensibilityGlobals) = postSolution
		SolutionGuid = {946C3FAF-A1E0-4D90-8298-A26F911A4FB7}
	EndGlobalSection
EndGlobal
